
Microsoft Visual Studio Solution File, Format Version 12.00
# Visual Studio 15
VisualStudioVersion = 15.0.28307.421
MinimumVisualStudioVersion = 10.0.40219.1
Project("{FAE04EC0-301F-11D3-BF4B-00C04F79EFBC}") = "Letter_to_Number_Converter", "Letter_to_Number_Converter\Letter_to_Number_Converter.csproj", "{C7DE8A45-F9A9-49E4-B10D-5E19F4EF8164}"
EndProject
Global
	GlobalSection(SolutionConfigurationPlatforms) = preSolution
		Debug|Any CPU = Debug|Any CPU
		Release|Any CPU = Release|Any CPU
	EndGlobalSection
	GlobalSection(ProjectConfigurationPlatforms) = postSolution
		{C7DE8A45-F9A9-49E4-B10D-5E19F4EF8164}.Debug|Any CPU.ActiveCfg = Debug|Any CPU
		{C7DE8A45-F9A9-49E4-B10D-5E19F4EF8164}.Debug|Any CPU.Build.0 = Debug|Any CPU
		{C7DE8A45-F9A9-49E4-B10D-5E19F4EF8164}.Release|Any CPU.ActiveCfg = Release|Any CPU
		{C7DE8A45-F9A9-49E4-B10D-5E19F4EF8164}.Release|Any CPU.Build.0 = Release|Any CPU
	EndGlobalSection
	GlobalSection(SolutionProperties) = preSolution
		HideSolutionNode = FALSE
	EndGlobalSection
	GlobalSection(ExtensibilityGlobals) = postSolution
		SolutionGuid = {2F68E4C6-A37C-4FF7-B981-CF2AA4F9C905}
	EndGlobalSection
EndGlobal
